{
  "object": {
    "pins": [
      {
        "package": "AMCodeBase",
        "repositoryURL": "https://github.com/Amrmoussa777/AMCodeBase.git",
        "state": {
          "branch": "main",
          "revision": "3fee3cb068328e22050206814c103ff3f2299ca1",
          "version": null
        }
      }
    ]
  },
  "version": 1
}
