// !$*UTF8*$!
{
	archiveVersion = 1;
	classes = {
	};
	objectVersion = 52;
	objects = {

/* Begin PBXBuildFile section */
		1F23E9F126D562AF00F2DC8F /* EDLoginVC.swift in Sources */ = {isa = PBXBuildFile; fileRef = 1F23E9F026D562AF00F2DC8F /* EDLoginVC.swift */; };
		1F23E9F326D57D2F00F2DC8F /* EDRegisterVC.swift in Sources */ = {isa = PBXBuildFile; fileRef = 1F23E9F226D57D2E00F2DC8F /* EDRegisterVC.swift */; };
		1F5321BA27046013005417AE /* MoreCVCell.swift in Sources */ = {isa = PBXBuildFile; fileRef = 1F5321B927046013005417AE /* MoreCVCell.swift */; };
		1F5321BC27046202005417AE /* moreItem.swift in Sources */ = {isa = PBXBuildFile; fileRef = 1F5321BB27046202005417AE /* moreItem.swift */; };
		1F5321BE27047BFA005417AE /* EditProfielVC.swift in Sources */ = {isa = PBXBuildFile; fileRef = 1F5321BD27047BFA005417AE /* EditProfielVC.swift */; };
		1F5321C12705C9F9005417AE /* EDTextFEild.swift in Sources */ = {isa = PBXBuildFile; fileRef = 1F5321C02705C9F9005417AE /* EDTextFEild.swift */; };
		1F5321C42705E3C2005417AE /* EDHeadLabel.swift in Sources */ = {isa = PBXBuildFile; fileRef = 1F5321C32705E3C2005417AE /* EDHeadLabel.swift */; };
		1F5E412526D6744E0029D6A1 /* NotifacationsVC.swift in Sources */ = {isa = PBXBuildFile; fileRef = 1F5E412426D6744E0029D6A1 /* NotifacationsVC.swift */; };
		1F5E412726D675450029D6A1 /* notificationCell.swift in Sources */ = {isa = PBXBuildFile; fileRef = 1F5E412626D675450029D6A1 /* notificationCell.swift */; };
		1F5E412926D675FF0029D6A1 /* notifcation.swift in Sources */ = {isa = PBXBuildFile; fileRef = 1F5E412826D675FF0029D6A1 /* notifcation.swift */; };
		1F5E412B26D6E9C50029D6A1 /* unitLessonsVC.swift in Sources */ = {isa = PBXBuildFile; fileRef = 1F5E412A26D6E9C50029D6A1 /* unitLessonsVC.swift */; };
		1F5E412D26D6E9FE0029D6A1 /* LessonCell.swift in Sources */ = {isa = PBXBuildFile; fileRef = 1F5E412C26D6E9FE0029D6A1 /* LessonCell.swift */; };
		1F66335B26D177F200536045 /* CGRect+Ext.swift in Sources */ = {isa = PBXBuildFile; fileRef = 1F66335A26D177F200536045 /* CGRect+Ext.swift */; };
		1F76E87B26D282DF0042F773 /* ExamRoom.swift in Sources */ = {isa = PBXBuildFile; fileRef = 1F76E87A26D282DF0042F773 /* ExamRoom.swift */; };
		1F956E0B26D424A600BB13B4 /* MoreVC.swift in Sources */ = {isa = PBXBuildFile; fileRef = 1F956E0A26D424A600BB13B4 /* MoreVC.swift */; };
		1F956E0E26D544DF00BB13B4 /* EDNetworkManager.swift in Sources */ = {isa = PBXBuildFile; fileRef = 1F956E0D26D544DF00BB13B4 /* EDNetworkManager.swift */; };
		1F956E1126D5518200BB13B4 /* UIViewController+EXT.swift in Sources */ = {isa = PBXBuildFile; fileRef = 1F956E1026D5518200BB13B4 /* UIViewController+EXT.swift */; };
		1FC47F0C26D022C600FBC92E /* ExamCell.swift in Sources */ = {isa = PBXBuildFile; fileRef = 1FC47F0B26D022C600FBC92E /* ExamCell.swift */; };
		1FC47F0F26D026AF00FBC92E /* Exam.swift in Sources */ = {isa = PBXBuildFile; fileRef = 1FC47F0E26D026AF00FBC92E /* Exam.swift */; };
		1FC5D0FE26CBF06E00DF56DB /* Unit.swift in Sources */ = {isa = PBXBuildFile; fileRef = 1FC5D0FD26CBF06E00DF56DB /* Unit.swift */; };
		1FC5D10026CBF18400DF56DB /* unitCell.swift in Sources */ = {isa = PBXBuildFile; fileRef = 1FC5D0FF26CBF18400DF56DB /* unitCell.swift */; };
		1FC5D10326CC009C00DF56DB /* MockData.swift in Sources */ = {isa = PBXBuildFile; fileRef = 1FC5D10226CC009C00DF56DB /* MockData.swift */; };
		1FC5D10626CC0E8700DF56DB /* DetaieldLessonVC.swift in Sources */ = {isa = PBXBuildFile; fileRef = 1FC5D10526CC0E8700DF56DB /* DetaieldLessonVC.swift */; };
		1FC999E226CAFED200D35B6A /* HomeVC.swift in Sources */ = {isa = PBXBuildFile; fileRef = 1FC999E126CAFED200D35B6A /* HomeVC.swift */; };
		1FC999E426CB02A400D35B6A /* ExamsVC.swift in Sources */ = {isa = PBXBuildFile; fileRef = 1FC999E326CB02A400D35B6A /* ExamsVC.swift */; };
		1FC999E626CB09C000D35B6A /* Constant.swift in Sources */ = {isa = PBXBuildFile; fileRef = 1FC999E526CB09BF00D35B6A /* Constant.swift */; };
		1FC999EB26CB4C6E00D35B6A /* LeftOffView.swift in Sources */ = {isa = PBXBuildFile; fileRef = 1FC999EA26CB4C6D00D35B6A /* LeftOffView.swift */; };
		1FCF4BB326CA7DFA00B8A043 /* AppDelegate.swift in Sources */ = {isa = PBXBuildFile; fileRef = 1FCF4BB226CA7DFA00B8A043 /* AppDelegate.swift */; };
		1FCF4BB526CA7DFA00B8A043 /* SceneDelegate.swift in Sources */ = {isa = PBXBuildFile; fileRef = 1FCF4BB426CA7DFA00B8A043 /* SceneDelegate.swift */; };
		1FCF4BB726CA7DFA00B8A043 /* ViewController.swift in Sources */ = {isa = PBXBuildFile; fileRef = 1FCF4BB626CA7DFA00B8A043 /* ViewController.swift */; };
		1FCF4BBC26CA7DFF00B8A043 /* Assets.xcassets in Resources */ = {isa = PBXBuildFile; fileRef = 1FCF4BBB26CA7DFF00B8A043 /* Assets.xcassets */; };
		1FCF4BBF26CA7DFF00B8A043 /* LaunchScreen.storyboard in Resources */ = {isa = PBXBuildFile; fileRef = 1FCF4BBD26CA7DFF00B8A043 /* LaunchScreen.storyboard */; };
		1FCF4BCA26CA7E0000B8A043 /* EducationalTests.swift in Sources */ = {isa = PBXBuildFile; fileRef = 1FCF4BC926CA7E0000B8A043 /* EducationalTests.swift */; };
		1FCF4BD526CA7E0000B8A043 /* EducationalUITests.swift in Sources */ = {isa = PBXBuildFile; fileRef = 1FCF4BD426CA7E0000B8A043 /* EducationalUITests.swift */; };
		1FFF6FF326CAF14F006CAD10 /* AMCodeBase in Frameworks */ = {isa = PBXBuildFile; productRef = 1FFF6FF226CAF14F006CAD10 /* AMCodeBase */; };
/* End PBXBuildFile section */

/* Begin PBXContainerItemProxy section */
		1FCF4BC626CA7E0000B8A043 /* PBXContainerItemProxy */ = {
			isa = PBXContainerItemProxy;
			containerPortal = 1FCF4BA726CA7DFA00B8A043 /* Project object */;
			proxyType = 1;
			remoteGlobalIDString = 1FCF4BAE26CA7DFA00B8A043;
			remoteInfo = Educational;
		};
		1FCF4BD126CA7E0000B8A043 /* PBXContainerItemProxy */ = {
			isa = PBXContainerItemProxy;
			containerPortal = 1FCF4BA726CA7DFA00B8A043 /* Project object */;
			proxyType = 1;
			remoteGlobalIDString = 1FCF4BAE26CA7DFA00B8A043;
			remoteInfo = Educational;
		};
/* End PBXContainerItemProxy section */

/* Begin PBXFileReference section */
		1F23E9F026D562AF00F2DC8F /* EDLoginVC.swift */ = {isa = PBXFileReference; lastKnownFileType = sourcecode.swift; path = EDLoginVC.swift; sourceTree = "<group>"; };
		1F23E9F226D57D2E00F2DC8F /* EDRegisterVC.swift */ = {isa = PBXFileReference; lastKnownFileType = sourcecode.swift; path = EDRegisterVC.swift; sourceTree = "<group>"; };
		1F5321B927046013005417AE /* MoreCVCell.swift */ = {isa = PBXFileReference; lastKnownFileType = sourcecode.swift; path = MoreCVCell.swift; sourceTree = "<group>"; };
		1F5321BB27046202005417AE /* moreItem.swift */ = {isa = PBXFileReference; lastKnownFileType = sourcecode.swift; path = moreItem.swift; sourceTree = "<group>"; };
		1F5321BD27047BFA005417AE /* EditProfielVC.swift */ = {isa = PBXFileReference; lastKnownFileType = sourcecode.swift; path = EditProfielVC.swift; sourceTree = "<group>"; };
		1F5321C02705C9F9005417AE /* EDTextFEild.swift */ = {isa = PBXFileReference; lastKnownFileType = sourcecode.swift; path = EDTextFEild.swift; sourceTree = "<group>"; };
		1F5321C32705E3C2005417AE /* EDHeadLabel.swift */ = {isa = PBXFileReference; lastKnownFileType = sourcecode.swift; path = EDHeadLabel.swift; sourceTree = "<group>"; };
		1F5E412426D6744E0029D6A1 /* NotifacationsVC.swift */ = {isa = PBXFileReference; lastKnownFileType = sourcecode.swift; path = NotifacationsVC.swift; sourceTree = "<group>"; };
		1F5E412626D675450029D6A1 /* notificationCell.swift */ = {isa = PBXFileReference; lastKnownFileType = sourcecode.swift; path = notificationCell.swift; sourceTree = "<group>"; };
		1F5E412826D675FF0029D6A1 /* notifcation.swift */ = {isa = PBXFileReference; lastKnownFileType = sourcecode.swift; path = notifcation.swift; sourceTree = "<group>"; };
		1F5E412A26D6E9C50029D6A1 /* unitLessonsVC.swift */ = {isa = PBXFileReference; lastKnownFileType = sourcecode.swift; path = unitLessonsVC.swift; sourceTree = "<group>"; };
		1F5E412C26D6E9FE0029D6A1 /* LessonCell.swift */ = {isa = PBXFileReference; lastKnownFileType = sourcecode.swift; path = LessonCell.swift; sourceTree = "<group>"; };
		1F66335A26D177F200536045 /* CGRect+Ext.swift */ = {isa = PBXFileReference; lastKnownFileType = sourcecode.swift; path = "CGRect+Ext.swift"; sourceTree = "<group>"; };
		1F76E87A26D282DF0042F773 /* ExamRoom.swift */ = {isa = PBXFileReference; lastKnownFileType = sourcecode.swift; path = ExamRoom.swift; sourceTree = "<group>"; };
		1F956E0A26D424A600BB13B4 /* MoreVC.swift */ = {isa = PBXFileReference; lastKnownFileType = sourcecode.swift; path = MoreVC.swift; sourceTree = "<group>"; };
		1F956E0D26D544DF00BB13B4 /* EDNetworkManager.swift */ = {isa = PBXFileReference; lastKnownFileType = sourcecode.swift; path = EDNetworkManager.swift; sourceTree = "<group>"; };
		1F956E1026D5518200BB13B4 /* UIViewController+EXT.swift */ = {isa = PBXFileReference; lastKnownFileType = sourcecode.swift; path = "UIViewController+EXT.swift"; sourceTree = "<group>"; };
		1FC47F0B26D022C600FBC92E /* ExamCell.swift */ = {isa = PBXFileReference; lastKnownFileType = sourcecode.swift; path = ExamCell.swift; sourceTree = "<group>"; };
		1FC47F0E26D026AF00FBC92E /* Exam.swift */ = {isa = PBXFileReference; lastKnownFileType = sourcecode.swift; path = Exam.swift; sourceTree = "<group>"; };
		1FC5D0FD26CBF06E00DF56DB /* Unit.swift */ = {isa = PBXFileReference; lastKnownFileType = sourcecode.swift; path = Unit.swift; sourceTree = "<group>"; };
		1FC5D0FF26CBF18400DF56DB /* unitCell.swift */ = {isa = PBXFileReference; lastKnownFileType = sourcecode.swift; path = unitCell.swift; sourceTree = "<group>"; };
		1FC5D10226CC009C00DF56DB /* MockData.swift */ = {isa = PBXFileReference; lastKnownFileType = sourcecode.swift; path = MockData.swift; sourceTree = "<group>"; };
		1FC5D10526CC0E8700DF56DB /* DetaieldLessonVC.swift */ = {isa = PBXFileReference; lastKnownFileType = sourcecode.swift; path = DetaieldLessonVC.swift; sourceTree = "<group>"; };
		1FC999E126CAFED200D35B6A /* HomeVC.swift */ = {isa = PBXFileReference; lastKnownFileType = sourcecode.swift; path = HomeVC.swift; sourceTree = "<group>"; };
		1FC999E326CB02A400D35B6A /* ExamsVC.swift */ = {isa = PBXFileReference; lastKnownFileType = sourcecode.swift; path = ExamsVC.swift; sourceTree = "<group>"; };
		1FC999E526CB09BF00D35B6A /* Constant.swift */ = {isa = PBXFileReference; lastKnownFileType = sourcecode.swift; path = Constant.swift; sourceTree = "<group>"; };
		1FC999EA26CB4C6D00D35B6A /* LeftOffView.swift */ = {isa = PBXFileReference; lastKnownFileType = sourcecode.swift; path = LeftOffView.swift; sourceTree = "<group>"; };
		1FCF4BAF26CA7DFA00B8A043 /* Educational.app */ = {isa = PBXFileReference; explicitFileType = wrapper.application; includeInIndex = 0; path = Educational.app; sourceTree = BUILT_PRODUCTS_DIR; };
		1FCF4BB226CA7DFA00B8A043 /* AppDelegate.swift */ = {isa = PBXFileReference; lastKnownFileType = sourcecode.swift; path = AppDelegate.swift; sourceTree = "<group>"; };
		1FCF4BB426CA7DFA00B8A043 /* SceneDelegate.swift */ = {isa = PBXFileReference; lastKnownFileType = sourcecode.swift; path = SceneDelegate.swift; sourceTree = "<group>"; };
		1FCF4BB626CA7DFA00B8A043 /* ViewController.swift */ = {isa = PBXFileReference; lastKnownFileType = sourcecode.swift; path = ViewController.swift; sourceTree = "<group>"; };
		1FCF4BBB26CA7DFF00B8A043 /* Assets.xcassets */ = {isa = PBXFileReference; lastKnownFileType = folder.assetcatalog; path = Assets.xcassets; sourceTree = "<group>"; };
		1FCF4BBE26CA7DFF00B8A043 /* Base */ = {isa = PBXFileReference; lastKnownFileType = file.storyboard; name = Base; path = Base.lproj/LaunchScreen.storyboard; sourceTree = "<group>"; };
		1FCF4BC026CA7DFF00B8A043 /* Info.plist */ = {isa = PBXFileReference; lastKnownFileType = text.plist.xml; path = Info.plist; sourceTree = "<group>"; };
		1FCF4BC526CA7E0000B8A043 /* EducationalTests.xctest */ = {isa = PBXFileReference; explicitFileType = wrapper.cfbundle; includeInIndex = 0; path = EducationalTests.xctest; sourceTree = BUILT_PRODUCTS_DIR; };
		1FCF4BC926CA7E0000B8A043 /* EducationalTests.swift */ = {isa = PBXFileReference; lastKnownFileType = sourcecode.swift; path = EducationalTests.swift; sourceTree = "<group>"; };
		1FCF4BCB26CA7E0000B8A043 /* Info.plist */ = {isa = PBXFileReference; lastKnownFileType = text.plist.xml; path = Info.plist; sourceTree = "<group>"; };
		1FCF4BD026CA7E0000B8A043 /* EducationalUITests.xctest */ = {isa = PBXFileReference; explicitFileType = wrapper.cfbundle; includeInIndex = 0; path = EducationalUITests.xctest; sourceTree = BUILT_PRODUCTS_DIR; };
		1FCF4BD426CA7E0000B8A043 /* EducationalUITests.swift */ = {isa = PBXFileReference; lastKnownFileType = sourcecode.swift; path = EducationalUITests.swift; sourceTree = "<group>"; };
		1FCF4BD626CA7E0000B8A043 /* Info.plist */ = {isa = PBXFileReference; lastKnownFileType = text.plist.xml; path = Info.plist; sourceTree = "<group>"; };
/* End PBXFileReference section */

/* Begin PBXFrameworksBuildPhase section */
		1FCF4BAC26CA7DFA00B8A043 /* Frameworks */ = {
			isa = PBXFrameworksBuildPhase;
			buildActionMask = 2147483647;
			files = (
				1FFF6FF326CAF14F006CAD10 /* AMCodeBase in Frameworks */,
			);
			runOnlyForDeploymentPostprocessing = 0;
		};
		1FCF4BC226CA7E0000B8A043 /* Frameworks */ = {
			isa = PBXFrameworksBuildPhase;
			buildActionMask = 2147483647;
			files = (
			);
			runOnlyForDeploymentPostprocessing = 0;
		};
		1FCF4BCD26CA7E0000B8A043 /* Frameworks */ = {
			isa = PBXFrameworksBuildPhase;
			buildActionMask = 2147483647;
			files = (
			);
			runOnlyForDeploymentPostprocessing = 0;
		};
/* End PBXFrameworksBuildPhase section */

/* Begin PBXGroup section */
		1F5321BF2705C9E7005417AE /* TextFeilds */ = {
			isa = PBXGroup;
			children = (
				1F5321C02705C9F9005417AE /* EDTextFEild.swift */,
			);
			path = TextFeilds;
			sourceTree = "<group>";
		};
		1F5321C22705E3AE005417AE /* labels */ = {
			isa = PBXGroup;
			children = (
				1F5321C32705E3C2005417AE /* EDHeadLabel.swift */,
			);
			path = labels;
			sourceTree = "<group>";
		};
		1F66335926D177D300536045 /* Extensions */ = {
			isa = PBXGroup;
			children = (
				1F66335A26D177F200536045 /* CGRect+Ext.swift */,
			);
			path = Extensions;
			sourceTree = "<group>";
		};
		1F956E0C26D544CC00BB13B4 /* Managers */ = {
			isa = PBXGroup;
			children = (
				1F956E0D26D544DF00BB13B4 /* EDNetworkManager.swift */,
			);
			path = Managers;
			sourceTree = "<group>";
		};
		1F956E0F26D5515700BB13B4 /* EDExtensions */ = {
			isa = PBXGroup;
			children = (
				1F956E1026D5518200BB13B4 /* UIViewController+EXT.swift */,
			);
			path = EDExtensions;
			sourceTree = "<group>";
		};
		1FC47F1026D0338900FBC92E /* UIViews */ = {
			isa = PBXGroup;
			children = (
			);
			path = UIViews;
			sourceTree = "<group>";
		};
		1FC5D0FB26CBEF7E00DF56DB /* cells */ = {
			isa = PBXGroup;
			children = (
				1FC5D0FF26CBF18400DF56DB /* unitCell.swift */,
				1FC47F0B26D022C600FBC92E /* ExamCell.swift */,
				1F5E412626D675450029D6A1 /* notificationCell.swift */,
				1F5E412C26D6E9FE0029D6A1 /* LessonCell.swift */,
				1F5321B927046013005417AE /* MoreCVCell.swift */,
			);
			path = cells;
			sourceTree = "<group>";
		};
		1FC5D0FC26CBF05900DF56DB /* Model */ = {
			isa = PBXGroup;
			children = (
				1FC5D0FD26CBF06E00DF56DB /* Unit.swift */,
				1FC47F0E26D026AF00FBC92E /* Exam.swift */,
				1F5E412826D675FF0029D6A1 /* notifcation.swift */,
				1F5321BB27046202005417AE /* moreItem.swift */,
			);
			path = Model;
			sourceTree = "<group>";
		};
		1FC5D10126CC008D00DF56DB /* Mock Data */ = {
			isa = PBXGroup;
			children = (
				1FC5D10226CC009C00DF56DB /* MockData.swift */,
			);
			path = "Mock Data";
			sourceTree = "<group>";
		};
		1FC5D10426CC0E4A00DF56DB /* ViewControllers */ = {
			isa = PBXGroup;
			children = (
				1FC999E326CB02A400D35B6A /* ExamsVC.swift */,
				1FC999E126CAFED200D35B6A /* HomeVC.swift */,
				1FC5D10526CC0E8700DF56DB /* DetaieldLessonVC.swift */,
				1F76E87A26D282DF0042F773 /* ExamRoom.swift */,
				1F956E0A26D424A600BB13B4 /* MoreVC.swift */,
				1F23E9F026D562AF00F2DC8F /* EDLoginVC.swift */,
				1F23E9F226D57D2E00F2DC8F /* EDRegisterVC.swift */,
				1F5E412426D6744E0029D6A1 /* NotifacationsVC.swift */,
				1F5E412A26D6E9C50029D6A1 /* unitLessonsVC.swift */,
				1F5321BD27047BFA005417AE /* EditProfielVC.swift */,
			);
			path = ViewControllers;
			sourceTree = "<group>";
		};
		1FC999E926CB4C4500D35B6A /* CustomView */ = {
			isa = PBXGroup;
			children = (
				1F5321C22705E3AE005417AE /* labels */,
				1F5321BF2705C9E7005417AE /* TextFeilds */,
				1FC47F1026D0338900FBC92E /* UIViews */,
				1FC5D10426CC0E4A00DF56DB /* ViewControllers */,
				1FC5D0FB26CBEF7E00DF56DB /* cells */,
				1FC999EA26CB4C6D00D35B6A /* LeftOffView.swift */,
			);
			path = CustomView;
			sourceTree = "<group>";
		};
		1FCF4BA626CA7DFA00B8A043 = {
			isa = PBXGroup;
			children = (
				1FCF4BB126CA7DFA00B8A043 /* Educational */,
				1FCF4BC826CA7E0000B8A043 /* EducationalTests */,
				1FCF4BD326CA7E0000B8A043 /* EducationalUITests */,
				1FCF4BB026CA7DFA00B8A043 /* Products */,
			);
			sourceTree = "<group>";
		};
		1FCF4BB026CA7DFA00B8A043 /* Products */ = {
			isa = PBXGroup;
			children = (
				1FCF4BAF26CA7DFA00B8A043 /* Educational.app */,
				1FCF4BC526CA7E0000B8A043 /* EducationalTests.xctest */,
				1FCF4BD026CA7E0000B8A043 /* EducationalUITests.xctest */,
			);
			name = Products;
			sourceTree = "<group>";
		};
		1FCF4BB126CA7DFA00B8A043 /* Educational */ = {
			isa = PBXGroup;
			children = (
				1F956E0F26D5515700BB13B4 /* EDExtensions */,
				1F956E0C26D544CC00BB13B4 /* Managers */,
				1F66335926D177D300536045 /* Extensions */,
				1FC5D10126CC008D00DF56DB /* Mock Data */,
				1FC5D0FC26CBF05900DF56DB /* Model */,
				1FC999E926CB4C4500D35B6A /* CustomView */,
				1FCF4BB226CA7DFA00B8A043 /* AppDelegate.swift */,
				1FCF4BB426CA7DFA00B8A043 /* SceneDelegate.swift */,
				1FCF4BB626CA7DFA00B8A043 /* ViewController.swift */,
				1FCF4BBB26CA7DFF00B8A043 /* Assets.xcassets */,
				1FCF4BBD26CA7DFF00B8A043 /* LaunchScreen.storyboard */,
				1FCF4BC026CA7DFF00B8A043 /* Info.plist */,
				1FC999E526CB09BF00D35B6A /* Constant.swift */,
			);
			path = Educational;
			sourceTree = "<group>";
		};
		1FCF4BC826CA7E0000B8A043 /* EducationalTests */ = {
			isa = PBXGroup;
			children = (
				1FCF4BC926CA7E0000B8A043 /* EducationalTests.swift */,
				1FCF4BCB26CA7E0000B8A043 /* Info.plist */,
			);
			path = EducationalTests;
			sourceTree = "<group>";
		};
		1FCF4BD326CA7E0000B8A043 /* EducationalUITests */ = {
			isa = PBXGroup;
			children = (
				1FCF4BD426CA7E0000B8A043 /* EducationalUITests.swift */,
				1FCF4BD626CA7E0000B8A043 /* Info.plist */,
			);
			path = EducationalUITests;
			sourceTree = "<group>";
		};
/* End PBXGroup section */

/* Begin PBXNativeTarget section */
		1FCF4BAE26CA7DFA00B8A043 /* Educational */ = {
			isa = PBXNativeTarget;
			buildConfigurationList = 1FCF4BD926CA7E0000B8A043 /* Build configuration list for PBXNativeTarget "Educational" */;
			buildPhases = (
				1FCF4BAB26CA7DFA00B8A043 /* Sources */,
				1FCF4BAC26CA7DFA00B8A043 /* Frameworks */,
				1FCF4BAD26CA7DFA00B8A043 /* Resources */,
			);
			buildRules = (
			);
			dependencies = (
			);
			name = Educational;
			packageProductDependencies = (
				1FFF6FF226CAF14F006CAD10 /* AMCodeBase */,
			);
			productName = Educational;
			productReference = 1FCF4BAF26CA7DFA00B8A043 /* Educational.app */;
			productType = "com.apple.product-type.application";
		};
		1FCF4BC426CA7E0000B8A043 /* EducationalTests */ = {
			isa = PBXNativeTarget;
			buildConfigurationList = 1FCF4BDC26CA7E0000B8A043 /* Build configuration list for PBXNativeTarget "EducationalTests" */;
			buildPhases = (
				1FCF4BC126CA7E0000B8A043 /* Sources */,
				1FCF4BC226CA7E0000B8A043 /* Frameworks */,
				1FCF4BC326CA7E0000B8A043 /* Resources */,
			);
			buildRules = (
			);
			dependencies = (
				1FCF4BC726CA7E0000B8A043 /* PBXTargetDependency */,
			);
			name = EducationalTests;
			productName = EducationalTests;
			productReference = 1FCF4BC526CA7E0000B8A043 /* EducationalTests.xctest */;
			productType = "com.apple.product-type.bundle.unit-test";
		};
		1FCF4BCF26CA7E0000B8A043 /* EducationalUITests */ = {
			isa = PBXNativeTarget;
			buildConfigurationList = 1FCF4BDF26CA7E0000B8A043 /* Build configuration list for PBXNativeTarget "EducationalUITests" */;
			buildPhases = (
				1FCF4BCC26CA7E0000B8A043 /* Sources */,
				1FCF4BCD26CA7E0000B8A043 /* Frameworks */,
				1FCF4BCE26CA7E0000B8A043 /* Resources */,
			);
			buildRules = (
			);
			dependencies = (
				1FCF4BD226CA7E0000B8A043 /* PBXTargetDependency */,
			);
			name = EducationalUITests;
			productName = EducationalUITests;
			productReference = 1FCF4BD026CA7E0000B8A043 /* EducationalUITests.xctest */;
			productType = "com.apple.product-type.bundle.ui-testing";
		};
/* End PBXNativeTarget section */

/* Begin PBXProject section */
		1FCF4BA726CA7DFA00B8A043 /* Project object */ = {
			isa = PBXProject;
			attributes = {
				LastSwiftUpdateCheck = 1250;
				LastUpgradeCheck = 1250;
				TargetAttributes = {
					1FCF4BAE26CA7DFA00B8A043 = {
						CreatedOnToolsVersion = 12.5.1;
					};
					1FCF4BC426CA7E0000B8A043 = {
						CreatedOnToolsVersion = 12.5.1;
						TestTargetID = 1FCF4BAE26CA7DFA00B8A043;
					};
					1FCF4BCF26CA7E0000B8A043 = {
						CreatedOnToolsVersion = 12.5.1;
						TestTargetID = 1FCF4BAE26CA7DFA00B8A043;
					};
				};
			};
			buildConfigurationList = 1FCF4BAA26CA7DFA00B8A043 /* Build configuration list for PBXProject "Educational" */;
			compatibilityVersion = "Xcode 9.3";
			developmentRegion = en;
			hasScannedForEncodings = 0;
			knownRegions = (
				en,
				Base,
			);
			mainGroup = 1FCF4BA626CA7DFA00B8A043;
			packageReferences = (
				1FFF6FF126CAF14F006CAD10 /* XCRemoteSwiftPackageReference "AMCodeBase" */,
			);
			productRefGroup = 1FCF4BB026CA7DFA00B8A043 /* Products */;
			projectDirPath = "";
			projectRoot = "";
			targets = (
				1FCF4BAE26CA7DFA00B8A043 /* Educational */,
				1FCF4BC426CA7E0000B8A043 /* EducationalTests */,
				1FCF4BCF26CA7E0000B8A043 /* EducationalUITests */,
			);
		};
/* End PBXProject section */

/* Begin PBXResourcesBuildPhase section */
		1FCF4BAD26CA7DFA00B8A043 /* Resources */ = {
			isa = PBXResourcesBuildPhase;
			buildActionMask = 2147483647;
			files = (
				1FCF4BBF26CA7DFF00B8A043 /* LaunchScreen.storyboard in Resources */,
				1FCF4BBC26CA7DFF00B8A043 /* Assets.xcassets in Resources */,
			);
			runOnlyForDeploymentPostprocessing = 0;
		};
		1FCF4BC326CA7E0000B8A043 /* Resources */ = {
			isa = PBXResourcesBuildPhase;
			buildActionMask = 2147483647;
			files = (
			);
			runOnlyForDeploymentPostprocessing = 0;
		};
		1FCF4BCE26CA7E0000B8A043 /* Resources */ = {
			isa = PBXResourcesBuildPhase;
			buildActionMask = 2147483647;
			files = (
			);
			runOnlyForDeploymentPostprocessing = 0;
		};
/* End PBXResourcesBuildPhase section */

/* Begin PBXSourcesBuildPhase section */
		1FCF4BAB26CA7DFA00B8A043 /* Sources */ = {
			isa = PBXSourcesBuildPhase;
			buildActionMask = 2147483647;
			files = (
				1F5E412726D675450029D6A1 /* notificationCell.swift in Sources */,
				1FC47F0F26D026AF00FBC92E /* Exam.swift in Sources */,
				1FC5D0FE26CBF06E00DF56DB /* Unit.swift in Sources */,
				1F5321BA27046013005417AE /* MoreCVCell.swift in Sources */,
				1F5321C12705C9F9005417AE /* EDTextFEild.swift in Sources */,
				1F5321BC27046202005417AE /* moreItem.swift in Sources */,
				1F5E412526D6744E0029D6A1 /* NotifacationsVC.swift in Sources */,
				1FC47F0C26D022C600FBC92E /* ExamCell.swift in Sources */,
				1F956E0E26D544DF00BB13B4 /* EDNetworkManager.swift in Sources */,
				1F5E412B26D6E9C50029D6A1 /* unitLessonsVC.swift in Sources */,
				1FC999E626CB09C000D35B6A /* Constant.swift in Sources */,
				1FC999E426CB02A400D35B6A /* ExamsVC.swift in Sources */,
				1F956E1126D5518200BB13B4 /* UIViewController+EXT.swift in Sources */,
				1FC5D10026CBF18400DF56DB /* unitCell.swift in Sources */,
				1FC999E226CAFED200D35B6A /* HomeVC.swift in Sources */,
				1FCF4BB726CA7DFA00B8A043 /* ViewController.swift in Sources */,
				1F5E412D26D6E9FE0029D6A1 /* LessonCell.swift in Sources */,
				1FCF4BB326CA7DFA00B8A043 /* AppDelegate.swift in Sources */,
				1F23E9F126D562AF00F2DC8F /* EDLoginVC.swift in Sources */,
				1FC999EB26CB4C6E00D35B6A /* LeftOffView.swift in Sources */,
				1FC5D10326CC009C00DF56DB /* MockData.swift in Sources */,
				1FC5D10626CC0E8700DF56DB /* DetaieldLessonVC.swift in Sources */,
				1F5E412926D675FF0029D6A1 /* notifcation.swift in Sources */,
				1F5321C42705E3C2005417AE /* EDHeadLabel.swift in Sources */,
				1F5321BE27047BFA005417AE /* EditProfielVC.swift in Sources */,
				1F956E0B26D424A600BB13B4 /* MoreVC.swift in Sources */,
				1F23E9F326D57D2F00F2DC8F /* EDRegisterVC.swift in Sources */,
				1F76E87B26D282DF0042F773 /* ExamRoom.swift in Sources */,
				1FCF4BB526CA7DFA00B8A043 /* SceneDelegate.swift in Sources */,
				1F66335B26D177F200536045 /* CGRect+Ext.swift in Sources */,
			);
			runOnlyForDeploymentPostprocessing = 0;
		};
		1FCF4BC126CA7E0000B8A043 /* Sources */ = {
			isa = PBXSourcesBuildPhase;
			buildActionMask = 2147483647;
			files = (
				1FCF4BCA26CA7E0000B8A043 /* EducationalTests.swift in Sources */,
			);
			runOnlyForDeploymentPostprocessing = 0;
		};
		1FCF4BCC26CA7E0000B8A043 /* Sources */ = {
			isa = PBXSourcesBuildPhase;
			buildActionMask = 2147483647;
			files = (
				1FCF4BD526CA7E0000B8A043 /* EducationalUITests.swift in Sources */,
			);
			runOnlyForDeploymentPostprocessing = 0;
		};
/* End PBXSourcesBuildPhase section */

/* Begin PBXTargetDependency section */
		1FCF4BC726CA7E0000B8A043 /* PBXTargetDependency */ = {
			isa = PBXTargetDependency;
			target = 1FCF4BAE26CA7DFA00B8A043 /* Educational */;
			targetProxy = 1FCF4BC626CA7E0000B8A043 /* PBXContainerItemProxy */;
		};
		1FCF4BD226CA7E0000B8A043 /* PBXTargetDependency */ = {
			isa = PBXTargetDependency;
			target = 1FCF4BAE26CA7DFA00B8A043 /* Educational */;
			targetProxy = 1FCF4BD126CA7E0000B8A043 /* PBXContainerItemProxy */;
		};
/* End PBXTargetDependency section */

/* Begin PBXVariantGroup section */
		1FCF4BBD26CA7DFF00B8A043 /* LaunchScreen.storyboard */ = {
			isa = PBXVariantGroup;
			children = (
				1FCF4BBE26CA7DFF00B8A043 /* Base */,
			);
			name = LaunchScreen.storyboard;
			sourceTree = "<group>";
		};
/* End PBXVariantGroup section */

/* Begin XCBuildConfiguration section */
		1FCF4BD726CA7E0000B8A043 /* Debug */ = {
			isa = XCBuildConfiguration;
			buildSettings = {
				ALWAYS_SEARCH_USER_PATHS = NO;
				CLANG_ANALYZER_NONNULL = YES;
				CLANG_ANALYZER_NUMBER_OBJECT_CONVERSION = YES_AGGRESSIVE;
				CLANG_CXX_LANGUAGE_STANDARD = "gnu++14";
				CLANG_CXX_LIBRARY = "libc++";
				CLANG_ENABLE_MODULES = YES;
				CLANG_ENABLE_OBJC_ARC = YES;
				CLANG_ENABLE_OBJC_WEAK = YES;
				CLANG_WARN_BLOCK_CAPTURE_AUTORELEASING = YES;
				CLANG_WARN_BOOL_CONVERSION = YES;
				CLANG_WARN_COMMA = YES;
				CLANG_WARN_CONSTANT_CONVERSION = YES;
				CLANG_WARN_DEPRECATED_OBJC_IMPLEMENTATIONS = YES;
				CLANG_WARN_DIRECT_OBJC_ISA_USAGE = YES_ERROR;
				CLANG_WARN_DOCUMENTATION_COMMENTS = YES;
				CLANG_WARN_EMPTY_BODY = YES;
				CLANG_WARN_ENUM_CONVERSION = YES;
				CLANG_WARN_INFINITE_RECURSION = YES;
				CLANG_WARN_INT_CONVERSION = YES;
				CLANG_WARN_NON_LITERAL_NULL_CONVERSION = YES;
				CLANG_WARN_OBJC_IMPLICIT_RETAIN_SELF = YES;
				CLANG_WARN_OBJC_LITERAL_CONVERSION = YES;
				CLANG_WARN_OBJC_ROOT_CLASS = YES_ERROR;
				CLANG_WARN_QUOTED_INCLUDE_IN_FRAMEWORK_HEADER = YES;
				CLANG_WARN_RANGE_LOOP_ANALYSIS = YES;
				CLANG_WARN_STRICT_PROTOTYPES = YES;
				CLANG_WARN_SUSPICIOUS_MOVE = YES;
				CLANG_WARN_UNGUARDED_AVAILABILITY = YES_AGGRESSIVE;
				CLANG_WARN_UNREACHABLE_CODE = YES;
				CLANG_WARN__DUPLICATE_METHOD_MATCH = YES;
				COPY_PHASE_STRIP = NO;
				DEBUG_INFORMATION_FORMAT = dwarf;
				ENABLE_STRICT_OBJC_MSGSEND = YES;
				ENABLE_TESTABILITY = YES;
				GCC_C_LANGUAGE_STANDARD = gnu11;
				GCC_DYNAMIC_NO_PIC = NO;
				GCC_NO_COMMON_BLOCKS = YES;
				GCC_OPTIMIZATION_LEVEL = 0;
				GCC_PREPROCESSOR_DEFINITIONS = (
					"DEBUG=1",
					"$(inherited)",
				);
				GCC_WARN_64_TO_32_BIT_CONVERSION = YES;
				GCC_WARN_ABOUT_RETURN_TYPE = YES_ERROR;
				GCC_WARN_UNDECLARED_SELECTOR = YES;
				GCC_WARN_UNINITIALIZED_AUTOS = YES_AGGRESSIVE;
				GCC_WARN_UNUSED_FUNCTION = YES;
				GCC_WARN_UNUSED_VARIABLE = YES;
				IPHONEOS_DEPLOYMENT_TARGET = 13.0;
				MTL_ENABLE_DEBUG_INFO = INCLUDE_SOURCE;
				MTL_FAST_MATH = YES;
				ONLY_ACTIVE_ARCH = YES;
				SDKROOT = iphoneos;
				SWIFT_ACTIVE_COMPILATION_CONDITIONS = DEBUG;
				SWIFT_OPTIMIZATION_LEVEL = "-Onone";
			};
			name = Debug;
		};
		1FCF4BD826CA7E0000B8A043 /* Release */ = {
			isa = XCBuildConfiguration;
			buildSettings = {
				ALWAYS_SEARCH_USER_PATHS = NO;
				CLANG_ANALYZER_NONNULL = YES;
				CLANG_ANALYZER_NUMBER_OBJECT_CONVERSION = YES_AGGRESSIVE;
				CLANG_CXX_LANGUAGE_STANDARD = "gnu++14";
				CLANG_CXX_LIBRARY = "libc++";
				CLANG_ENABLE_MODULES = YES;
				CLANG_ENABLE_OBJC_ARC = YES;
				CLANG_ENABLE_OBJC_WEAK = YES;
				CLANG_WARN_BLOCK_CAPTURE_AUTORELEASING = YES;
				CLANG_WARN_BOOL_CONVERSION = YES;
				CLANG_WARN_COMMA = YES;
				CLANG_WARN_CONSTANT_CONVERSION = YES;
				CLANG_WARN_DEPRECATED_OBJC_IMPLEMENTATIONS = YES;
				CLANG_WARN_DIRECT_OBJC_ISA_USAGE = YES_ERROR;
				CLANG_WARN_DOCUMENTATION_COMMENTS = YES;
				CLANG_WARN_EMPTY_BODY = YES;
				CLANG_WARN_ENUM_CONVERSION = YES;
				CLANG_WARN_INFINITE_RECURSION = YES;
				CLANG_WARN_INT_CONVERSION = YES;
				CLANG_WARN_NON_LITERAL_NULL_CONVERSION = YES;
				CLANG_WARN_OBJC_IMPLICIT_RETAIN_SELF = YES;
				CLANG_WARN_OBJC_LITERAL_CONVERSION = YES;
				CLANG_WARN_OBJC_ROOT_CLASS = YES_ERROR;
				CLANG_WARN_QUOTED_INCLUDE_IN_FRAMEWORK_HEADER = YES;
				CLANG_WARN_RANGE_LOOP_ANALYSIS = YES;
				CLANG_WARN_STRICT_PROTOTYPES = YES;
				CLANG_WARN_SUSPICIOUS_MOVE = YES;
				CLANG_WARN_UNGUARDED_AVAILABILITY = YES_AGGRESSIVE;
				CLANG_WARN_UNREACHABLE_CODE = YES;
				CLANG_WARN__DUPLICATE_METHOD_MATCH = YES;
				COPY_PHASE_STRIP = NO;
				DEBUG_INFORMATION_FORMAT = "dwarf-with-dsym";
				ENABLE_NS_ASSERTIONS = NO;
				ENABLE_STRICT_OBJC_MSGSEND = YES;
				GCC_C_LANGUAGE_STANDARD = gnu11;
				GCC_NO_COMMON_BLOCKS = YES;
				GCC_WARN_64_TO_32_BIT_CONVERSION = YES;
				GCC_WARN_ABOUT_RETURN_TYPE = YES_ERROR;
				GCC_WARN_UNDECLARED_SELECTOR = YES;
				GCC_WARN_UNINITIALIZED_AUTOS = YES_AGGRESSIVE;
				GCC_WARN_UNUSED_FUNCTION = YES;
				GCC_WARN_UNUSED_VARIABLE = YES;
				IPHONEOS_DEPLOYMENT_TARGET = 13.0;
				MTL_ENABLE_DEBUG_INFO = NO;
				MTL_FAST_MATH = YES;
				SDKROOT = iphoneos;
				SWIFT_COMPILATION_MODE = wholemodule;
				SWIFT_OPTIMIZATION_LEVEL = "-O";
				VALIDATE_PRODUCT = YES;
			};
			name = Release;
		};
		1FCF4BDA26CA7E0000B8A043 /* Debug */ = {
			isa = XCBuildConfiguration;
			buildSettings = {
				ASSETCATALOG_COMPILER_APPICON_NAME = AppIcon;
				ASSETCATALOG_COMPILER_GLOBAL_ACCENT_COLOR_NAME = AccentColor;
				CODE_SIGN_STYLE = Automatic;
				CURRENT_PROJECT_VERSION = 7;
				DEVELOPMENT_TEAM = GWXAFB6JRH;
				INFOPLIST_FILE = Educational/Info.plist;
				IPHONEOS_DEPLOYMENT_TARGET = 13.0;
				LD_RUNPATH_SEARCH_PATHS = (
					"$(inherited)",
					"@executable_path/Frameworks",
				);
				PRODUCT_BUNDLE_IDENTIFIER = "Amr-moussa.Educational";
				PRODUCT_NAME = "$(TARGET_NAME)";
				SWIFT_VERSION = 5.0;
				TARGETED_DEVICE_FAMILY = "1,2";
			};
			name = Debug;
		};
		1FCF4BDB26CA7E0000B8A043 /* Release */ = {
			isa = XCBuildConfiguration;
			buildSettings = {
				ASSETCATALOG_COMPILER_APPICON_NAME = AppIcon;
				ASSETCATALOG_COMPILER_GLOBAL_ACCENT_COLOR_NAME = AccentColor;
				CODE_SIGN_STYLE = Automatic;
				CURRENT_PROJECT_VERSION = 7;
				DEVELOPMENT_TEAM = GWXAFB6JRH;
				INFOPLIST_FILE = Educational/Info.plist;
				IPHONEOS_DEPLOYMENT_TARGET = 13.0;
				LD_RUNPATH_SEARCH_PATHS = (
					"$(inherited)",
					"@executable_path/Frameworks",
				);
				PRODUCT_BUNDLE_IDENTIFIER = "Amr-moussa.Educational";
				PRODUCT_NAME = "$(TARGET_NAME)";
				SWIFT_VERSION = 5.0;
				TARGETED_DEVICE_FAMILY = "1,2";
			};
			name = Release;
		};
		1FCF4BDD26CA7E0000B8A043 /* Debug */ = {
			isa = XCBuildConfiguration;
			buildSettings = {
				ALWAYS_EMBED_SWIFT_STANDARD_LIBRARIES = YES;
				BUNDLE_LOADER = "$(TEST_HOST)";
				CODE_SIGN_STYLE = Automatic;
				DEVELOPMENT_TEAM = GWXAFB6JRH;
				INFOPLIST_FILE = EducationalTests/Info.plist;
				IPHONEOS_DEPLOYMENT_TARGET = 14.5;
				LD_RUNPATH_SEARCH_PATHS = (
					"$(inherited)",
					"@executable_path/Frameworks",
					"@loader_path/Frameworks",
				);
				PRODUCT_BUNDLE_IDENTIFIER = "Amr-moussa.EducationalTests";
				PRODUCT_NAME = "$(TARGET_NAME)";
				SWIFT_VERSION = 5.0;
				TARGETED_DEVICE_FAMILY = "1,2";
				TEST_HOST = "$(BUILT_PRODUCTS_DIR)/Educational.app/Educational";
			};
			name = Debug;
		};
		1FCF4BDE26CA7E0000B8A043 /* Release */ = {
			isa = XCBuildConfiguration;
			buildSettings = {
				ALWAYS_EMBED_SWIFT_STANDARD_LIBRARIES = YES;
				BUNDLE_LOADER = "$(TEST_HOST)";
				CODE_SIGN_STYLE = Automatic;
				DEVELOPMENT_TEAM = GWXAFB6JRH;
				INFOPLIST_FILE = EducationalTests/Info.plist;
				IPHONEOS_DEPLOYMENT_TARGET = 14.5;
				LD_RUNPATH_SEARCH_PATHS = (
					"$(inherited)",
					"@executable_path/Frameworks",
					"@loader_path/Frameworks",
				);
				PRODUCT_BUNDLE_IDENTIFIER = "Amr-moussa.EducationalTests";
				PRODUCT_NAME = "$(TARGET_NAME)";
				SWIFT_VERSION = 5.0;
				TARGETED_DEVICE_FAMILY = "1,2";
				TEST_HOST = "$(BUILT_PRODUCTS_DIR)/Educational.app/Educational";
			};
			name = Release;
		};
		1FCF4BE026CA7E0000B8A043 /* Debug */ = {
			isa = XCBuildConfiguration;
			buildSettings = {
				ALWAYS_EMBED_SWIFT_STANDARD_LIBRARIES = YES;
				CODE_SIGN_STYLE = Automatic;
				DEVELOPMENT_TEAM = GWXAFB6JRH;
				INFOPLIST_FILE = EducationalUITests/Info.plist;
				LD_RUNPATH_SEARCH_PATHS = (
					"$(inherited)",
					"@executable_path/Frameworks",
					"@loader_path/Frameworks",
				);
				PRODUCT_BUNDLE_IDENTIFIER = "Amr-moussa.EducationalUITests";
				PRODUCT_NAME = "$(TARGET_NAME)";
				SWIFT_VERSION = 5.0;
				TARGETED_DEVICE_FAMILY = "1,2";
				TEST_TARGET_NAME = Educational;
			};
			name = Debug;
		};
		1FCF4BE126CA7E0000B8A043 /* Release */ = {
			isa = XCBuildConfiguration;
			buildSettings = {
				ALWAYS_EMBED_SWIFT_STANDARD_LIBRARIES = YES;
				CODE_SIGN_STYLE = Automatic;
				DEVELOPMENT_TEAM = GWXAFB6JRH;
				INFOPLIST_FILE = EducationalUITests/Info.plist;
				LD_RUNPATH_SEARCH_PATHS = (
					"$(inherited)",
					"@executable_path/Frameworks",
					"@loader_path/Frameworks",
				);
				PRODUCT_BUNDLE_IDENTIFIER = "Amr-moussa.EducationalUITests";
				PRODUCT_NAME = "$(TARGET_NAME)";
				SWIFT_VERSION = 5.0;
				TARGETED_DEVICE_FAMILY = "1,2";
				TEST_TARGET_NAME = Educational;
			};
			name = Release;
		};
/* End XCBuildConfiguration section */

/* Begin XCConfigurationList section */
		1FCF4BAA26CA7DFA00B8A043 /* Build configuration list for PBXProject "Educational" */ = {
			isa = XCConfigurationList;
			buildConfigurations = (
				1FCF4BD726CA7E0000B8A043 /* Debug */,
				1FCF4BD826CA7E0000B8A043 /* Release */,
			);
			defaultConfigurationIsVisible = 0;
			defaultConfigurationName = Release;
		};
		1FCF4BD926CA7E0000B8A043 /* Build configuration list for PBXNativeTarget "Educational" */ = {
			isa = XCConfigurationList;
			buildConfigurations = (
				1FCF4BDA26CA7E0000B8A043 /* Debug */,
				1FCF4BDB26CA7E0000B8A043 /* Release */,
			);
			defaultConfigurationIsVisible = 0;
			defaultConfigurationName = Release;
		};
		1FCF4BDC26CA7E0000B8A043 /* Build configuration list for PBXNativeTarget "EducationalTests" */ = {
			isa = XCConfigurationList;
			buildConfigurations = (
				1FCF4BDD26CA7E0000B8A043 /* Debug */,
				1FCF4BDE26CA7E0000B8A043 /* Release */,
			);
			defaultConfigurationIsVisible = 0;
			defaultConfigurationName = Release;
		};
		1FCF4BDF26CA7E0000B8A043 /* Build configuration list for PBXNativeTarget "EducationalUITests" */ = {
			isa = XCConfigurationList;
			buildConfigurations = (
				1FCF4BE026CA7E0000B8A043 /* Debug */,
				1FCF4BE126CA7E0000B8A043 /* Release */,
			);
			defaultConfigurationIsVisible = 0;
			defaultConfigurationName = Release;
		};
/* End XCConfigurationList section */

/* Begin XCRemoteSwiftPackageReference section */
		1FFF6FF126CAF14F006CAD10 /* XCRemoteSwiftPackageReference "AMCodeBase" */ = {
			isa = XCRemoteSwiftPackageReference;
			repositoryURL = "https://github.com/Amrmoussa777/AMCodeBase.git";
			requirement = {
				branch = main;
				kind = branch;
			};
		};
/* End XCRemoteSwiftPackageReference section */

/* Begin XCSwiftPackageProductDependency section */
		1FFF6FF226CAF14F006CAD10 /* AMCodeBase */ = {
			isa = XCSwiftPackageProductDependency;
			package = 1FFF6FF126CAF14F006CAD10 /* XCRemoteSwiftPackageReference "AMCodeBase" */;
			productName = AMCodeBase;
		};
/* End XCSwiftPackageProductDependency section */
	};
	rootObject = 1FCF4BA726CA7DFA00B8A043 /* Project object */;
}
